{
  "name": "aggregate_groupby_js",
  "version": "1.0.0",
  "lockfileVersion": 1,
  "requires": true,
  "dependencies": {
    "aggregatejs": {
      "version": "0.0.5",
      "resolved": "https://registry.npmjs.org/aggregatejs/-/aggregatejs-0.0.5.tgz",
      "integrity": "sha1-iNZlYB7JyCYtbDn7Zbep2+W1XT4="
    }
  }
}
